
Microsoft Visual Studio Solution File, Format Version 12.00
# Visual Studio Version 16
VisualStudioVersion = 16.0.31410.357
MinimumVisualStudioVersion = 10.0.40219.1
Project("{FAE04EC0-301F-11D3-BF4B-00C04F79EFBC}") = "Match-3_GameForest", "Match-3_GameForest.csproj", "{582779B0-3429-4F2C-A20D-E1C8AECB6869}"
EndProject
Global
	GlobalSection(SolutionConfigurationPlatforms) = preSolution
		Debug|Any CPU = Debug|Any CPU
		Release|Any CPU = Release|Any CPU
	EndGlobalSection
	GlobalSection(ProjectConfigurationPlatforms) = postSolution
		{582779B0-3429-4F2C-A20D-E1C8AECB6869}.Debug|Any CPU.ActiveCfg = Debug|Any CPU
		{582779B0-3429-4F2C-A20D-E1C8AECB6869}.Debug|Any CPU.Build.0 = Debug|Any CPU
		{582779B0-3429-4F2C-A20D-E1C8AECB6869}.Release|Any CPU.ActiveCfg = Release|Any CPU
		{582779B0-3429-4F2C-A20D-E1C8AECB6869}.Release|Any CPU.Build.0 = Release|Any CPU
	EndGlobalSection
	GlobalSection(SolutionProperties) = preSolution
		HideSolutionNode = FALSE
	EndGlobalSection
	GlobalSection(ExtensibilityGlobals) = postSolution
		SolutionGuid = {F480D6F7-5590-458E-BFB9-1B5159F42FB7}
	EndGlobalSection
EndGlobal
